// !$*UTF8*$!
{
	archiveVersion = 1;
	classes = {
	};
	objectVersion = 46;
	objects = {

/* Begin PBXBuildFile section */
		E3307F40185D474F00D0F801 /* FTPFileList.m in Sources */ = {isa = PBXBuildFile; fileRef = E3307F3F185D474F00D0F801 /* FTPFileList.m */; settings = {COMPILER_FLAGS = "-fno-objc-arc"; }; };
		E3AB8F73185B44720062EED0 /* UIKit.framework in Frameworks */ = {isa = PBXBuildFile; fileRef = E3AB8F72185B44720062EED0 /* UIKit.framework */; };
		E3AB8F75185B44720062EED0 /* Foundation.framework in Frameworks */ = {isa = PBXBuildFile; fileRef = E3AB8F74185B44720062EED0 /* Foundation.framework */; };
		E3AB8F77185B44720062EED0 /* CoreGraphics.framework in Frameworks */ = {isa = PBXBuildFile; fileRef = E3AB8F76185B44720062EED0 /* CoreGraphics.framework */; };
		E3AB8F7D185B44720062EED0 /* InfoPlist.strings in Resources */ = {isa = PBXBuildFile; fileRef = E3AB8F7B185B44720062EED0 /* InfoPlist.strings */; };
		E3AB8F7F185B44720062EED0 /* main.m in Sources */ = {isa = PBXBuildFile; fileRef = E3AB8F7E185B44720062EED0 /* main.m */; };
		E3AB8F83185B44720062EED0 /* AppDelegate.m in Sources */ = {isa = PBXBuildFile; fileRef = E3AB8F82185B44720062EED0 /* AppDelegate.m */; };
		E3AB8F85185B44720062EED0 /* Default.png in Resources */ = {isa = PBXBuildFile; fileRef = E3AB8F84185B44720062EED0 /* Default.png */; };
		E3AB8F87185B44720062EED0 /* Default@2x.png in Resources */ = {isa = PBXBuildFile; fileRef = E3AB8F86185B44720062EED0 /* Default@2x.png */; };
		E3AB8F89185B44720062EED0 /* Default-568h@2x.png in Resources */ = {isa = PBXBuildFile; fileRef = E3AB8F88185B44720062EED0 /* Default-568h@2x.png */; };
		E3AB8F8C185B44720062EED0 /* ViewController.m in Sources */ = {isa = PBXBuildFile; fileRef = E3AB8F8B185B44720062EED0 /* ViewController.m */; };
		E3AB8F8F185B44720062EED0 /* ViewController.xib in Resources */ = {isa = PBXBuildFile; fileRef = E3AB8F8D185B44720062EED0 /* ViewController.xib */; };
		E3BE2DA8185C72A80051A0CD /* THFTPAPI.c in Sources */ = {isa = PBXBuildFile; fileRef = E3BE2DA6185C72A80051A0CD /* THFTPAPI.c */; };
		E3BE2DAA185C74BA0051A0CD /* CFNetwork.framework in Frameworks */ = {isa = PBXBuildFile; fileRef = E3BE2DA9185C74BA0051A0CD /* CFNetwork.framework */; };
		E3E08C32185C0B8E004AD74C /* FileListViewController.m in Sources */ = {isa = PBXBuildFile; fileRef = E3E08C30185C0B8E004AD74C /* FileListViewController.m */; };
		E3E08C33185C0B8E004AD74C /* FileListViewController.xib in Resources */ = {isa = PBXBuildFile; fileRef = E3E08C31185C0B8E004AD74C /* FileListViewController.xib */; };
		E3E08C36185C1B8B004AD74C /* FTPFileUpload.m in Sources */ = {isa = PBXBuildFile; fileRef = E3E08C35185C1B8B004AD74C /* FTPFileUpload.m */; settings = {COMPILER_FLAGS = "-fno-objc-arc"; }; };
		E3E08C38185C1BF8004AD74C /* 12.pdf in Resources */ = {isa = PBXBuildFile; fileRef = E3E08C37185C1BF8004AD74C /* 12.pdf */; };
		E3EA6131185D40DD0001B6F3 /* FTPFileDownload.m in Sources */ = {isa = PBXBuildFile; fileRef = E3EA6130185D40DC0001B6F3 /* FTPFileDownload.m */; settings = {COMPILER_FLAGS = "-fno-objc-arc"; }; };
/* End PBXBuildFile section */

/* Begin PBXFileReference section */
		E3307F3E185D474F00D0F801 /* FTPFileList.h */ = {isa = PBXFileReference; fileEncoding = 4; lastKnownFileType = sourcecode.c.h; path = FTPFileList.h; sourceTree = "<group>"; };
		E3307F3F185D474F00D0F801 /* FTPFileList.m */ = {isa = PBXFileReference; fileEncoding = 4; lastKnownFileType = sourcecode.c.objc; path = FTPFileList.m; sourceTree = "<group>"; };
		E3AB8F6F185B44720062EED0 /* FileShare.app */ = {isa = PBXFileReference; explicitFileType = wrapper.application; includeInIndex = 0; path = FileShare.app; sourceTree = BUILT_PRODUCTS_DIR; };
		E3AB8F72185B44720062EED0 /* UIKit.framework */ = {isa = PBXFileReference; lastKnownFileType = wrapper.framework; name = UIKit.framework; path = System/Library/Frameworks/UIKit.framework; sourceTree = SDKROOT; };
		E3AB8F74185B44720062EED0 /* Foundation.framework */ = {isa = PBXFileReference; lastKnownFileType = wrapper.framework; name = Foundation.framework; path = System/Library/Frameworks/Foundation.framework; sourceTree = SDKROOT; };
		E3AB8F76185B44720062EED0 /* CoreGraphics.framework */ = {isa = PBXFileReference; lastKnownFileType = wrapper.framework; name = CoreGraphics.framework; path = System/Library/Frameworks/CoreGraphics.framework; sourceTree = SDKROOT; };
		E3AB8F7A185B44720062EED0 /* FileShare-Info.plist */ = {isa = PBXFileReference; lastKnownFileType = text.plist.xml; path = "FileShare-Info.plist"; sourceTree = "<group>"; };
		E3AB8F7C185B44720062EED0 /* en */ = {isa = PBXFileReference; lastKnownFileType = text.plist.strings; name = en; path = en.lproj/InfoPlist.strings; sourceTree = "<group>"; };
		E3AB8F7E185B44720062EED0 /* main.m */ = {isa = PBXFileReference; lastKnownFileType = sourcecode.c.objc; path = main.m; sourceTree = "<group>"; };
		E3AB8F80185B44720062EED0 /* FileShare-Prefix.pch */ = {isa = PBXFileReference; lastKnownFileType = sourcecode.c.h; path = "FileShare-Prefix.pch"; sourceTree = "<group>"; };
		E3AB8F81185B44720062EED0 /* AppDelegate.h */ = {isa = PBXFileReference; lastKnownFileType = sourcecode.c.h; path = AppDelegate.h; sourceTree = "<group>"; };
		E3AB8F82185B44720062EED0 /* AppDelegate.m */ = {isa = PBXFileReference; lastKnownFileType = sourcecode.c.objc; path = AppDelegate.m; sourceTree = "<group>"; };
		E3AB8F84185B44720062EED0 /* Default.png */ = {isa = PBXFileReference; lastKnownFileType = image.png; path = Default.png; sourceTree = "<group>"; };
		E3AB8F86185B44720062EED0 /* Default@2x.png */ = {isa = PBXFileReference; lastKnownFileType = image.png; path = "Default@2x.png"; sourceTree = "<group>"; };
		E3AB8F88185B44720062EED0 /* Default-568h@2x.png */ = {isa = PBXFileReference; lastKnownFileType = image.png; path = "Default-568h@2x.png"; sourceTree = "<group>"; };
		E3AB8F8A185B44720062EED0 /* ViewController.h */ = {isa = PBXFileReference; lastKnownFileType = sourcecode.c.h; path = ViewController.h; sourceTree = "<group>"; };
		E3AB8F8B185B44720062EED0 /* ViewController.m */ = {isa = PBXFileReference; lastKnownFileType = sourcecode.c.objc; path = ViewController.m; sourceTree = "<group>"; };
		E3AB8F8E185B44720062EED0 /* en */ = {isa = PBXFileReference; lastKnownFileType = file.xib; name = en; path = en.lproj/ViewController.xib; sourceTree = "<group>"; };
		E3BE2DA6185C72A80051A0CD /* THFTPAPI.c */ = {isa = PBXFileReference; fileEncoding = 4; lastKnownFileType = sourcecode.c.c; path = THFTPAPI.c; sourceTree = "<group>"; };
		E3BE2DA7185C72A80051A0CD /* THFTPAPI.h */ = {isa = PBXFileReference; fileEncoding = 4; lastKnownFileType = sourcecode.c.h; path = THFTPAPI.h; sourceTree = "<group>"; };
		E3BE2DA9185C74BA0051A0CD /* CFNetwork.framework */ = {isa = PBXFileReference; lastKnownFileType = wrapper.framework; name = CFNetwork.framework; path = System/Library/Frameworks/CFNetwork.framework; sourceTree = SDKROOT; };
		E3E08C2F185C0B8E004AD74C /* FileListViewController.h */ = {isa = PBXFileReference; fileEncoding = 4; lastKnownFileType = sourcecode.c.h; path = FileListViewController.h; sourceTree = "<group>"; };
		E3E08C30185C0B8E004AD74C /* FileListViewController.m */ = {isa = PBXFileReference; fileEncoding = 4; lastKnownFileType = sourcecode.c.objc; path = FileListViewController.m; sourceTree = "<group>"; };
		E3E08C31185C0B8E004AD74C /* FileListViewController.xib */ = {isa = PBXFileReference; fileEncoding = 4; lastKnownFileType = file.xib; path = FileListViewController.xib; sourceTree = "<group>"; };
		E3E08C34185C1B8B004AD74C /* FTPFileUpload.h */ = {isa = PBXFileReference; fileEncoding = 4; lastKnownFileType = sourcecode.c.h; path = FTPFileUpload.h; sourceTree = "<group>"; };
		E3E08C35185C1B8B004AD74C /* FTPFileUpload.m */ = {isa = PBXFileReference; fileEncoding = 4; lastKnownFileType = sourcecode.c.objc; path = FTPFileUpload.m; sourceTree = "<group>"; };
		E3E08C37185C1BF8004AD74C /* 12.pdf */ = {isa = PBXFileReference; lastKnownFileType = image.pdf; name = 12.pdf; path = document/12.pdf; sourceTree = "<group>"; };
		E3EA612F185D40DC0001B6F3 /* FTPFileDownload.h */ = {isa = PBXFileReference; fileEncoding = 4; lastKnownFileType = sourcecode.c.h; path = FTPFileDownload.h; sourceTree = "<group>"; };
		E3EA6130185D40DC0001B6F3 /* FTPFileDownload.m */ = {isa = PBXFileReference; fileEncoding = 4; lastKnownFileType = sourcecode.c.objc; path = FTPFileDownload.m; sourceTree = "<group>"; };
/* End PBXFileReference section */

/* Begin PBXFrameworksBuildPhase section */
		E3AB8F6C185B44720062EED0 /* Frameworks */ = {
			isa = PBXFrameworksBuildPhase;
			buildActionMask = 2147483647;
			files = (
				E3BE2DAA185C74BA0051A0CD /* CFNetwork.framework in Frameworks */,
				E3AB8F73185B44720062EED0 /* UIKit.framework in Frameworks */,
				E3AB8F75185B44720062EED0 /* Foundation.framework in Frameworks */,
				E3AB8F77185B44720062EED0 /* CoreGraphics.framework in Frameworks */,
			);
			runOnlyForDeploymentPostprocessing = 0;
		};
/* End PBXFrameworksBuildPhase section */

/* Begin PBXGroup section */
		E3AB8F66185B44720062EED0 = {
			isa = PBXGroup;
			children = (
				E3AB8F78185B44720062EED0 /* FileShare */,
				E3AB8F71185B44720062EED0 /* Frameworks */,
				E3AB8F70185B44720062EED0 /* Products */,
			);
			sourceTree = "<group>";
		};
		E3AB8F70185B44720062EED0 /* Products */ = {
			isa = PBXGroup;
			children = (
				E3AB8F6F185B44720062EED0 /* FileShare.app */,
			);
			name = Products;
			sourceTree = "<group>";
		};
		E3AB8F71185B44720062EED0 /* Frameworks */ = {
			isa = PBXGroup;
			children = (
				E3BE2DA9185C74BA0051A0CD /* CFNetwork.framework */,
				E3AB8F72185B44720062EED0 /* UIKit.framework */,
				E3AB8F74185B44720062EED0 /* Foundation.framework */,
				E3AB8F76185B44720062EED0 /* CoreGraphics.framework */,
			);
			name = Frameworks;
			sourceTree = "<group>";
		};
		E3AB8F78185B44720062EED0 /* FileShare */ = {
			isa = PBXGroup;
			children = (
				E3E08C2A185C0946004AD74C /* baseLibrary */,
				E3AB8F81185B44720062EED0 /* AppDelegate.h */,
				E3AB8F82185B44720062EED0 /* AppDelegate.m */,
				E3AB8F8A185B44720062EED0 /* ViewController.h */,
				E3AB8F8B185B44720062EED0 /* ViewController.m */,
				E3AB8F8D185B44720062EED0 /* ViewController.xib */,
				E3E08C2F185C0B8E004AD74C /* FileListViewController.h */,
				E3E08C30185C0B8E004AD74C /* FileListViewController.m */,
				E3E08C31185C0B8E004AD74C /* FileListViewController.xib */,
				E3AB8F79185B44720062EED0 /* Supporting Files */,
			);
			path = FileShare;
			sourceTree = "<group>";
		};
		E3AB8F79185B44720062EED0 /* Supporting Files */ = {
			isa = PBXGroup;
			children = (
				E3E08C37185C1BF8004AD74C /* 12.pdf */,
				E3AB8F7A185B44720062EED0 /* FileShare-Info.plist */,
				E3AB8F7B185B44720062EED0 /* InfoPlist.strings */,
				E3AB8F7E185B44720062EED0 /* main.m */,
				E3AB8F80185B44720062EED0 /* FileShare-Prefix.pch */,
				E3AB8F84185B44720062EED0 /* Default.png */,
				E3AB8F86185B44720062EED0 /* Default@2x.png */,
				E3AB8F88185B44720062EED0 /* Default-568h@2x.png */,
			);
			name = "Supporting Files";
			sourceTree = "<group>";
		};
		E3E08C2A185C0946004AD74C /* baseLibrary */ = {
			isa = PBXGroup;
			children = (
				E3E08C2B185C0946004AD74C /* ftp */,
			);
			path = baseLibrary;
			sourceTree = "<group>";
		};
		E3E08C2B185C0946004AD74C /* ftp */ = {
			isa = PBXGroup;
			children = (
				E3BE2DA6185C72A80051A0CD /* THFTPAPI.c */,
				E3BE2DA7185C72A80051A0CD /* THFTPAPI.h */,
				E3E08C34185C1B8B004AD74C /* FTPFileUpload.h */,
				E3E08C35185C1B8B004AD74C /* FTPFileUpload.m */,
				E3EA612F185D40DC0001B6F3 /* FTPFileDownload.h */,
				E3EA6130185D40DC0001B6F3 /* FTPFileDownload.m */,
				E3307F3E185D474F00D0F801 /* FTPFileList.h */,
				E3307F3F185D474F00D0F801 /* FTPFileList.m */,
			);
			path = ftp;
			sourceTree = "<group>";
		};
/* End PBXGroup section */

/* Begin PBXNativeTarget section */
		E3AB8F6E185B44720062EED0 /* FileShare */ = {
			isa = PBXNativeTarget;
			buildConfigurationList = E3AB8F92185B44720062EED0 /* Build configuration list for PBXNativeTarget "FileShare" */;
			buildPhases = (
				E3AB8F6B185B44720062EED0 /* Sources */,
				E3AB8F6C185B44720062EED0 /* Frameworks */,
				E3AB8F6D185B44720062EED0 /* Resources */,
			);
			buildRules = (
			);
			dependencies = (
			);
			name = FileShare;
			productName = FileShare;
			productReference = E3AB8F6F185B44720062EED0 /* FileShare.app */;
			productType = "com.apple.product-type.application";
		};
/* End PBXNativeTarget section */

/* Begin PBXProject section */
		E3AB8F67185B44720062EED0 /* Project object */ = {
			isa = PBXProject;
			attributes = {
				LastUpgradeCheck = 0460;
				ORGANIZATIONNAME = redcdn.cn;
			};
			buildConfigurationList = E3AB8F6A185B44720062EED0 /* Build configuration list for PBXProject "FileShare" */;
			compatibilityVersion = "Xcode 3.2";
			developmentRegion = English;
			hasScannedForEncodings = 0;
			knownRegions = (
				en,
			);
			mainGroup = E3AB8F66185B44720062EED0;
			productRefGroup = E3AB8F70185B44720062EED0 /* Products */;
			projectDirPath = "";
			projectRoot = "";
			targets = (
				E3AB8F6E185B44720062EED0 /* FileShare */,
			);
		};
/* End PBXProject section */

/* Begin PBXResourcesBuildPhase section */
		E3AB8F6D185B44720062EED0 /* Resources */ = {
			isa = PBXResourcesBuildPhase;
			buildActionMask = 2147483647;
			files = (
				E3AB8F7D185B44720062EED0 /* InfoPlist.strings in Resources */,
				E3AB8F85185B44720062EED0 /* Default.png in Resources */,
				E3AB8F87185B44720062EED0 /* Default@2x.png in Resources */,
				E3AB8F89185B44720062EED0 /* Default-568h@2x.png in Resources */,
				E3AB8F8F185B44720062EED0 /* ViewController.xib in Resources */,
				E3E08C33185C0B8E004AD74C /* FileListViewController.xib in Resources */,
				E3E08C38185C1BF8004AD74C /* 12.pdf in Resources */,
			);
			runOnlyForDeploymentPostprocessing = 0;
		};
/* End PBXResourcesBuildPhase section */

/* Begin PBXSourcesBuildPhase section */
		E3AB8F6B185B44720062EED0 /* Sources */ = {
			isa = PBXSourcesBuildPhase;
			buildActionMask = 2147483647;
			files = (
				E3AB8F7F185B44720062EED0 /* main.m in Sources */,
				E3AB8F83185B44720062EED0 /* AppDelegate.m in Sources */,
				E3AB8F8C185B44720062EED0 /* ViewController.m in Sources */,
				E3E08C32185C0B8E004AD74C /* FileListViewController.m in Sources */,
				E3E08C36185C1B8B004AD74C /* FTPFileUpload.m in Sources */,
				E3BE2DA8185C72A80051A0CD /* THFTPAPI.c in Sources */,
				E3EA6131185D40DD0001B6F3 /* FTPFileDownload.m in Sources */,
				E3307F40185D474F00D0F801 /* FTPFileList.m in Sources */,
			);
			runOnlyForDeploymentPostprocessing = 0;
		};
/* End PBXSourcesBuildPhase section */

/* Begin PBXVariantGroup section */
		E3AB8F7B185B44720062EED0 /* InfoPlist.strings */ = {
			isa = PBXVariantGroup;
			children = (
				E3AB8F7C185B44720062EED0 /* en */,
			);
			name = InfoPlist.strings;
			sourceTree = "<group>";
		};
		E3AB8F8D185B44720062EED0 /* ViewController.xib */ = {
			isa = PBXVariantGroup;
			children = (
				E3AB8F8E185B44720062EED0 /* en */,
			);
			name = ViewController.xib;
			sourceTree = "<group>";
		};
/* End PBXVariantGroup section */

/* Begin XCBuildConfiguration section */
		E3AB8F90185B44720062EED0 /* Debug */ = {
			isa = XCBuildConfiguration;
			buildSettings = {
				ALWAYS_SEARCH_USER_PATHS = NO;
				CLANG_CXX_LANGUAGE_STANDARD = "gnu++0x";
				CLANG_CXX_LIBRARY = "libc++";
				CLANG_ENABLE_OBJC_ARC = YES;
				CLANG_WARN_CONSTANT_CONVERSION = YES;
				CLANG_WARN_EMPTY_BODY = YES;
				CLANG_WARN_ENUM_CONVERSION = YES;
				CLANG_WARN_INT_CONVERSION = YES;
				CLANG_WARN__DUPLICATE_METHOD_MATCH = YES;
				"CODE_SIGN_IDENTITY[sdk=iphoneos*]" = "iPhone Developer";
				COPY_PHASE_STRIP = NO;
				GCC_C_LANGUAGE_STANDARD = gnu99;
				GCC_DYNAMIC_NO_PIC = NO;
				GCC_OPTIMIZATION_LEVEL = 0;
				GCC_PREPROCESSOR_DEFINITIONS = (
					"DEBUG=1",
					"$(inherited)",
				);
				GCC_SYMBOLS_PRIVATE_EXTERN = NO;
				GCC_WARN_ABOUT_RETURN_TYPE = YES;
				GCC_WARN_UNINITIALIZED_AUTOS = YES;
				GCC_WARN_UNUSED_VARIABLE = YES;
				IPHONEOS_DEPLOYMENT_TARGET = 6.1;
				ONLY_ACTIVE_ARCH = YES;
				SDKROOT = iphoneos;
			};
			name = Debug;
		};
		E3AB8F91185B44720062EED0 /* Release */ = {
			isa = XCBuildConfiguration;
			buildSettings = {
				ALWAYS_SEARCH_USER_PATHS = NO;
				CLANG_CXX_LANGUAGE_STANDARD = "gnu++0x";
				CLANG_CXX_LIBRARY = "libc++";
				CLANG_ENABLE_OBJC_ARC = YES;
				CLANG_WARN_CONSTANT_CONVERSION = YES;
				CLANG_WARN_EMPTY_BODY = YES;
				CLANG_WARN_ENUM_CONVERSION = YES;
				CLANG_WARN_INT_CONVERSION = YES;
				CLANG_WARN__DUPLICATE_METHOD_MATCH = YES;
				"CODE_SIGN_IDENTITY[sdk=iphoneos*]" = "iPhone Developer";
				COPY_PHASE_STRIP = YES;
				GCC_C_LANGUAGE_STANDARD = gnu99;
				GCC_WARN_ABOUT_RETURN_TYPE = YES;
				GCC_WARN_UNINITIALIZED_AUTOS = YES;
				GCC_WARN_UNUSED_VARIABLE = YES;
				IPHONEOS_DEPLOYMENT_TARGET = 6.1;
				OTHER_CFLAGS = "-DNS_BLOCK_ASSERTIONS=1";
				SDKROOT = iphoneos;
				VALIDATE_PRODUCT = YES;
			};
			name = Release;
		};
		E3AB8F93185B44720062EED0 /* Debug */ = {
			isa = XCBuildConfiguration;
			buildSettings = {
				GCC_PRECOMPILE_PREFIX_HEADER = YES;
				GCC_PREFIX_HEADER = "FileShare/FileShare-Prefix.pch";
				INFOPLIST_FILE = "FileShare/FileShare-Info.plist";
				PRODUCT_NAME = "$(TARGET_NAME)";
				WRAPPER_EXTENSION = app;
			};
			name = Debug;
		};
		E3AB8F94185B44720062EED0 /* Release */ = {
			isa = XCBuildConfiguration;
			buildSettings = {
				GCC_PRECOMPILE_PREFIX_HEADER = YES;
				GCC_PREFIX_HEADER = "FileShare/FileShare-Prefix.pch";
				INFOPLIST_FILE = "FileShare/FileShare-Info.plist";
				PRODUCT_NAME = "$(TARGET_NAME)";
				WRAPPER_EXTENSION = app;
			};
			name = Release;
		};
/* End XCBuildConfiguration section */

/* Begin XCConfigurationList section */
		E3AB8F6A185B44720062EED0 /* Build configuration list for PBXProject "FileShare" */ = {
			isa = XCConfigurationList;
			buildConfigurations = (
				E3AB8F90185B44720062EED0 /* Debug */,
				E3AB8F91185B44720062EED0 /* Release */,
			);
			defaultConfigurationIsVisible = 0;
			defaultConfigurationName = Release;
		};
		E3AB8F92185B44720062EED0 /* Build configuration list for PBXNativeTarget "FileShare" */ = {
			isa = XCConfigurationList;
			buildConfigurations = (
				E3AB8F93185B44720062EED0 /* Debug */,
				E3AB8F94185B44720062EED0 /* Release */,
			);
			defaultConfigurationIsVisible = 0;
			defaultConfigurationName = Release;
		};
/* End XCConfigurationList section */
	};
	rootObject = E3AB8F67185B44720062EED0 /* Project object */;
}
